PODS:
  - UnsplashPhotoPicker (1.2.0)

DEPENDENCIES:
  - UnsplashPhotoPicker

SPEC REPOS:
  https://github.com/CocoaPods/Specs.git:
    - UnsplashPhotoPicker

SPEC CHECKSUMS:
  UnsplashPhotoPicker: 09400fc1e84dfd04144fa8b204135e6bd2bc5bb2

PODFILE CHECKSUM: 8a125565f9c6b4990d2887deba298cdcea0e0730

COCOAPODS: 1.11.2
