// !$*UTF8*$!
{
	archiveVersion = 1;
	classes = {
	};
	objectVersion = 55;
	objects = {

/* Begin PBXBuildFile section */
		1CFA5961011FC91FCCE3760F /* Pods_testAppUnsplash.framework in Frameworks */ = {isa = PBXBuildFile; fileRef = EC4A0550448A45651FC27FB8 /* Pods_testAppUnsplash.framework */; };
		BF2B93FE278F49A400DDC6D1 /* AppDelegate.swift in Sources */ = {isa = PBXBuildFile; fileRef = BF2B93FD278F49A400DDC6D1 /* AppDelegate.swift */; };
		BF2B9400278F49A400DDC6D1 /* SceneDelegate.swift in Sources */ = {isa = PBXBuildFile; fileRef = BF2B93FF278F49A400DDC6D1 /* SceneDelegate.swift */; };
		BF2B9402278F49A400DDC6D1 /* ViewController.swift in Sources */ = {isa = PBXBuildFile; fileRef = BF2B9401278F49A400DDC6D1 /* ViewController.swift */; };
		BF2B9408278F49A400DDC6D1 /* testAppUnsplash.xcdatamodeld in Sources */ = {isa = PBXBuildFile; fileRef = BF2B9406278F49A400DDC6D1 /* testAppUnsplash.xcdatamodeld */; };
		BF2B940A278F49A600DDC6D1 /* Assets.xcassets in Resources */ = {isa = PBXBuildFile; fileRef = BF2B9409278F49A600DDC6D1 /* Assets.xcassets */; };
		BF2B940D278F49A600DDC6D1 /* LaunchScreen.storyboard in Resources */ = {isa = PBXBuildFile; fileRef = BF2B940B278F49A600DDC6D1 /* LaunchScreen.storyboard */; };
		BF2B9415278F4C8600DDC6D1 /* CollectionViewCell.swift in Sources */ = {isa = PBXBuildFile; fileRef = BF2B9414278F4C8600DDC6D1 /* CollectionViewCell.swift */; };
		BF2B9418278F4F8400DDC6D1 /* DecodeToModel.swift in Sources */ = {isa = PBXBuildFile; fileRef = BF2B9417278F4F8400DDC6D1 /* DecodeToModel.swift */; };
		BF2B941A278F4F9400DDC6D1 /* Request.swift in Sources */ = {isa = PBXBuildFile; fileRef = BF2B9419278F4F9400DDC6D1 /* Request.swift */; };
/* End PBXBuildFile section */

/* Begin PBXFileReference section */
		5162DA76AF4F5C7922D5B571 /* Pods-testAppUnsplash.release.xcconfig */ = {isa = PBXFileReference; includeInIndex = 1; lastKnownFileType = text.xcconfig; name = "Pods-testAppUnsplash.release.xcconfig"; path = "Target Support Files/Pods-testAppUnsplash/Pods-testAppUnsplash.release.xcconfig"; sourceTree = "<group>"; };
		980A010EAD2383FA2CE8C204 /* Pods-testAppUnsplash.debug.xcconfig */ = {isa = PBXFileReference; includeInIndex = 1; lastKnownFileType = text.xcconfig; name = "Pods-testAppUnsplash.debug.xcconfig"; path = "Target Support Files/Pods-testAppUnsplash/Pods-testAppUnsplash.debug.xcconfig"; sourceTree = "<group>"; };
		BF2B93FA278F49A400DDC6D1 /* testAppUnsplash.app */ = {isa = PBXFileReference; explicitFileType = wrapper.application; includeInIndex = 0; path = testAppUnsplash.app; sourceTree = BUILT_PRODUCTS_DIR; };
		BF2B93FD278F49A400DDC6D1 /* AppDelegate.swift */ = {isa = PBXFileReference; lastKnownFileType = sourcecode.swift; path = AppDelegate.swift; sourceTree = "<group>"; };
		BF2B93FF278F49A400DDC6D1 /* SceneDelegate.swift */ = {isa = PBXFileReference; lastKnownFileType = sourcecode.swift; path = SceneDelegate.swift; sourceTree = "<group>"; };
		BF2B9401278F49A400DDC6D1 /* ViewController.swift */ = {isa = PBXFileReference; lastKnownFileType = sourcecode.swift; path = ViewController.swift; sourceTree = "<group>"; };
		BF2B9407278F49A400DDC6D1 /* testAppUnsplash.xcdatamodel */ = {isa = PBXFileReference; lastKnownFileType = wrapper.xcdatamodel; path = testAppUnsplash.xcdatamodel; sourceTree = "<group>"; };
		BF2B9409278F49A600DDC6D1 /* Assets.xcassets */ = {isa = PBXFileReference; lastKnownFileType = folder.assetcatalog; path = Assets.xcassets; sourceTree = "<group>"; };
		BF2B940C278F49A600DDC6D1 /* Base */ = {isa = PBXFileReference; lastKnownFileType = file.storyboard; name = Base; path = Base.lproj/LaunchScreen.storyboard; sourceTree = "<group>"; };
		BF2B940E278F49A600DDC6D1 /* Info.plist */ = {isa = PBXFileReference; lastKnownFileType = text.plist.xml; path = Info.plist; sourceTree = "<group>"; };
		BF2B9414278F4C8600DDC6D1 /* CollectionViewCell.swift */ = {isa = PBXFileReference; lastKnownFileType = sourcecode.swift; path = CollectionViewCell.swift; sourceTree = "<group>"; };
		BF2B9417278F4F8400DDC6D1 /* DecodeToModel.swift */ = {isa = PBXFileReference; lastKnownFileType = sourcecode.swift; path = DecodeToModel.swift; sourceTree = "<group>"; };
		BF2B9419278F4F9400DDC6D1 /* Request.swift */ = {isa = PBXFileReference; lastKnownFileType = sourcecode.swift; path = Request.swift; sourceTree = "<group>"; };
		EC4A0550448A45651FC27FB8 /* Pods_testAppUnsplash.framework */ = {isa = PBXFileReference; explicitFileType = wrapper.framework; includeInIndex = 0; path = Pods_testAppUnsplash.framework; sourceTree = BUILT_PRODUCTS_DIR; };
/* End PBXFileReference section */

/* Begin PBXFrameworksBuildPhase section */
		BF2B93F7278F49A400DDC6D1 /* Frameworks */ = {
			isa = PBXFrameworksBuildPhase;
			buildActionMask = 2147483647;
			files = (
				1CFA5961011FC91FCCE3760F /* Pods_testAppUnsplash.framework in Frameworks */,
			);
			runOnlyForDeploymentPostprocessing = 0;
		};
/* End PBXFrameworksBuildPhase section */

/* Begin PBXGroup section */
		3B3F6B4CA540BF80433121A3 /* Pods */ = {
			isa = PBXGroup;
			children = (
				980A010EAD2383FA2CE8C204 /* Pods-testAppUnsplash.debug.xcconfig */,
				5162DA76AF4F5C7922D5B571 /* Pods-testAppUnsplash.release.xcconfig */,
			);
			path = Pods;
			sourceTree = "<group>";
		};
		47DA92966C1660E77A0A6938 /* Frameworks */ = {
			isa = PBXGroup;
			children = (
				EC4A0550448A45651FC27FB8 /* Pods_testAppUnsplash.framework */,
			);
			name = Frameworks;
			sourceTree = "<group>";
		};
		BF2B93F1278F49A400DDC6D1 = {
			isa = PBXGroup;
			children = (
				BF2B93FC278F49A400DDC6D1 /* testAppUnsplash */,
				BF2B93FB278F49A400DDC6D1 /* Products */,
				3B3F6B4CA540BF80433121A3 /* Pods */,
				47DA92966C1660E77A0A6938 /* Frameworks */,
			);
			sourceTree = "<group>";
		};
		BF2B93FB278F49A400DDC6D1 /* Products */ = {
			isa = PBXGroup;
			children = (
				BF2B93FA278F49A400DDC6D1 /* testAppUnsplash.app */,
			);
			name = Products;
			sourceTree = "<group>";
		};
		BF2B93FC278F49A400DDC6D1 /* testAppUnsplash */ = {
			isa = PBXGroup;
			children = (
				BF2B93FD278F49A400DDC6D1 /* AppDelegate.swift */,
				BF2B93FF278F49A400DDC6D1 /* SceneDelegate.swift */,
				BF2B9416278F4F6400DDC6D1 /* Network */,
				BF2B9401278F49A400DDC6D1 /* ViewController.swift */,
				BF2B9414278F4C8600DDC6D1 /* CollectionViewCell.swift */,
				BF2B9409278F49A600DDC6D1 /* Assets.xcassets */,
				BF2B940B278F49A600DDC6D1 /* LaunchScreen.storyboard */,
				BF2B940E278F49A600DDC6D1 /* Info.plist */,
				BF2B9406278F49A400DDC6D1 /* testAppUnsplash.xcdatamodeld */,
			);
			path = testAppUnsplash;
			sourceTree = "<group>";
		};
		BF2B9416278F4F6400DDC6D1 /* Network */ = {
			isa = PBXGroup;
			children = (
				BF2B9419278F4F9400DDC6D1 /* Request.swift */,
				BF2B9417278F4F8400DDC6D1 /* DecodeToModel.swift */,
			);
			path = Network;
			sourceTree = "<group>";
		};
/* End PBXGroup section */

/* Begin PBXNativeTarget section */
		BF2B93F9278F49A400DDC6D1 /* testAppUnsplash */ = {
			isa = PBXNativeTarget;
			buildConfigurationList = BF2B9411278F49A600DDC6D1 /* Build configuration list for PBXNativeTarget "testAppUnsplash" */;
			buildPhases = (
				C6F3724B5FD5701A38F61ED0 /* [CP] Check Pods Manifest.lock */,
				BF2B93F6278F49A400DDC6D1 /* Sources */,
				BF2B93F7278F49A400DDC6D1 /* Frameworks */,
				BF2B93F8278F49A400DDC6D1 /* Resources */,
				F507EAC4BDAB8BA9E37435B0 /* [CP] Embed Pods Frameworks */,
			);
			buildRules = (
			);
			dependencies = (
			);
			name = testAppUnsplash;
			productName = testAppUnsplash;
			productReference = BF2B93FA278F49A400DDC6D1 /* testAppUnsplash.app */;
			productType = "com.apple.product-type.application";
		};
/* End PBXNativeTarget section */

/* Begin PBXProject section */
		BF2B93F2278F49A400DDC6D1 /* Project object */ = {
			isa = PBXProject;
			attributes = {
				BuildIndependentTargetsInParallel = 1;
				LastSwiftUpdateCheck = 1320;
				LastUpgradeCheck = 1320;
				TargetAttributes = {
					BF2B93F9278F49A400DDC6D1 = {
						CreatedOnToolsVersion = 13.2.1;
					};
				};
			};
			buildConfigurationList = BF2B93F5278F49A400DDC6D1 /* Build configuration list for PBXProject "testAppUnsplash" */;
			compatibilityVersion = "Xcode 13.0";
			developmentRegion = en;
			hasScannedForEncodings = 0;
			knownRegions = (
				en,
				Base,
			);
			mainGroup = BF2B93F1278F49A400DDC6D1;
			productRefGroup = BF2B93FB278F49A400DDC6D1 /* Products */;
			projectDirPath = "";
			projectRoot = "";
			targets = (
				BF2B93F9278F49A400DDC6D1 /* testAppUnsplash */,
			);
		};
/* End PBXProject section */

/* Begin PBXResourcesBuildPhase section */
		BF2B93F8278F49A400DDC6D1 /* Resources */ = {
			isa = PBXResourcesBuildPhase;
			buildActionMask = 2147483647;
			files = (
				BF2B940D278F49A600DDC6D1 /* LaunchScreen.storyboard in Resources */,
				BF2B940A278F49A600DDC6D1 /* Assets.xcassets in Resources */,
			);
			runOnlyForDeploymentPostprocessing = 0;
		};
/* End PBXResourcesBuildPhase section */

/* Begin PBXShellScriptBuildPhase section */
		C6F3724B5FD5701A38F61ED0 /* [CP] Check Pods Manifest.lock */ = {
			isa = PBXShellScriptBuildPhase;
			buildActionMask = 2147483647;
			files = (
			);
			inputFileListPaths = (
			);
			inputPaths = (
				"${PODS_PODFILE_DIR_PATH}/Podfile.lock",
				"${PODS_ROOT}/Manifest.lock",
			);
			name = "[CP] Check Pods Manifest.lock";
			outputFileListPaths = (
			);
			outputPaths = (
				"$(DERIVED_FILE_DIR)/Pods-testAppUnsplash-checkManifestLockResult.txt",
			);
			runOnlyForDeploymentPostprocessing = 0;
			shellPath = /bin/sh;
			shellScript = "diff \"${PODS_PODFILE_DIR_PATH}/Podfile.lock\" \"${PODS_ROOT}/Manifest.lock\" > /dev/null\nif [ $? != 0 ] ; then\n    # print error to STDERR\n    echo \"error: The sandbox is not in sync with the Podfile.lock. Run 'pod install' or update your CocoaPods installation.\" >&2\n    exit 1\nfi\n# This output is used by Xcode 'outputs' to avoid re-running this script phase.\necho \"SUCCESS\" > \"${SCRIPT_OUTPUT_FILE_0}\"\n";
			showEnvVarsInLog = 0;
		};
		F507EAC4BDAB8BA9E37435B0 /* [CP] Embed Pods Frameworks */ = {
			isa = PBXShellScriptBuildPhase;
			buildActionMask = 2147483647;
			files = (
			);
			inputFileListPaths = (
				"${PODS_ROOT}/Target Support Files/Pods-testAppUnsplash/Pods-testAppUnsplash-frameworks-${CONFIGURATION}-input-files.xcfilelist",
			);
			name = "[CP] Embed Pods Frameworks";
			outputFileListPaths = (
				"${PODS_ROOT}/Target Support Files/Pods-testAppUnsplash/Pods-testAppUnsplash-frameworks-${CONFIGURATION}-output-files.xcfilelist",
			);
			runOnlyForDeploymentPostprocessing = 0;
			shellPath = /bin/sh;
			shellScript = "\"${PODS_ROOT}/Target Support Files/Pods-testAppUnsplash/Pods-testAppUnsplash-frameworks.sh\"\n";
			showEnvVarsInLog = 0;
		};
/* End PBXShellScriptBuildPhase section */

/* Begin PBXSourcesBuildPhase section */
		BF2B93F6278F49A400DDC6D1 /* Sources */ = {
			isa = PBXSourcesBuildPhase;
			buildActionMask = 2147483647;
			files = (
				BF2B9415278F4C8600DDC6D1 /* CollectionViewCell.swift in Sources */,
				BF2B9402278F49A400DDC6D1 /* ViewController.swift in Sources */,
				BF2B93FE278F49A400DDC6D1 /* AppDelegate.swift in Sources */,
				BF2B9400278F49A400DDC6D1 /* SceneDelegate.swift in Sources */,
				BF2B941A278F4F9400DDC6D1 /* Request.swift in Sources */,
				BF2B9418278F4F8400DDC6D1 /* DecodeToModel.swift in Sources */,
				BF2B9408278F49A400DDC6D1 /* testAppUnsplash.xcdatamodeld in Sources */,
			);
			runOnlyForDeploymentPostprocessing = 0;
		};
/* End PBXSourcesBuildPhase section */

/* Begin PBXVariantGroup section */
		BF2B940B278F49A600DDC6D1 /* LaunchScreen.storyboard */ = {
			isa = PBXVariantGroup;
			children = (
				BF2B940C278F49A600DDC6D1 /* Base */,
			);
			name = LaunchScreen.storyboard;
			sourceTree = "<group>";
		};
/* End PBXVariantGroup section */

/* Begin XCBuildConfiguration section */
		BF2B940F278F49A600DDC6D1 /* Debug */ = {
			isa = XCBuildConfiguration;
			buildSettings = {
				ALWAYS_SEARCH_USER_PATHS = NO;
				CLANG_ANALYZER_NONNULL = YES;
				CLANG_ANALYZER_NUMBER_OBJECT_CONVERSION = YES_AGGRESSIVE;
				CLANG_CXX_LANGUAGE_STANDARD = "gnu++17";
				CLANG_CXX_LIBRARY = "libc++";
				CLANG_ENABLE_MODULES = YES;
				CLANG_ENABLE_OBJC_ARC = YES;
				CLANG_ENABLE_OBJC_WEAK = YES;
				CLANG_WARN_BLOCK_CAPTURE_AUTORELEASING = YES;
				CLANG_WARN_BOOL_CONVERSION = YES;
				CLANG_WARN_COMMA = YES;
				CLANG_WARN_CONSTANT_CONVERSION = YES;
				CLANG_WARN_DEPRECATED_OBJC_IMPLEMENTATIONS = YES;
				CLANG_WARN_DIRECT_OBJC_ISA_USAGE = YES_ERROR;
				CLANG_WARN_DOCUMENTATION_COMMENTS = YES;
				CLANG_WARN_EMPTY_BODY = YES;
				CLANG_WARN_ENUM_CONVERSION = YES;
				CLANG_WARN_INFINITE_RECURSION = YES;
				CLANG_WARN_INT_CONVERSION = YES;
				CLANG_WARN_NON_LITERAL_NULL_CONVERSION = YES;
				CLANG_WARN_OBJC_IMPLICIT_RETAIN_SELF = YES;
				CLANG_WARN_OBJC_LITERAL_CONVERSION = YES;
				CLANG_WARN_OBJC_ROOT_CLASS = YES_ERROR;
				CLANG_WARN_QUOTED_INCLUDE_IN_FRAMEWORK_HEADER = YES;
				CLANG_WARN_RANGE_LOOP_ANALYSIS = YES;
				CLANG_WARN_STRICT_PROTOTYPES = YES;
				CLANG_WARN_SUSPICIOUS_MOVE = YES;
				CLANG_WARN_UNGUARDED_AVAILABILITY = YES_AGGRESSIVE;
				CLANG_WARN_UNREACHABLE_CODE = YES;
				CLANG_WARN__DUPLICATE_METHOD_MATCH = YES;
				COPY_PHASE_STRIP = NO;
				DEBUG_INFORMATION_FORMAT = dwarf;
				ENABLE_STRICT_OBJC_MSGSEND = YES;
				ENABLE_TESTABILITY = YES;
				GCC_C_LANGUAGE_STANDARD = gnu11;
				GCC_DYNAMIC_NO_PIC = NO;
				GCC_NO_COMMON_BLOCKS = YES;
				GCC_OPTIMIZATION_LEVEL = 0;
				GCC_PREPROCESSOR_DEFINITIONS = (
					"DEBUG=1",
					"$(inherited)",
				);
				GCC_WARN_64_TO_32_BIT_CONVERSION = YES;
				GCC_WARN_ABOUT_RETURN_TYPE = YES_ERROR;
				GCC_WARN_UNDECLARED_SELECTOR = YES;
				GCC_WARN_UNINITIALIZED_AUTOS = YES_AGGRESSIVE;
				GCC_WARN_UNUSED_FUNCTION = YES;
				GCC_WARN_UNUSED_VARIABLE = YES;
				IPHONEOS_DEPLOYMENT_TARGET = 15.2;
				MTL_ENABLE_DEBUG_INFO = INCLUDE_SOURCE;
				MTL_FAST_MATH = YES;
				ONLY_ACTIVE_ARCH = YES;
				SDKROOT = iphoneos;
				SWIFT_ACTIVE_COMPILATION_CONDITIONS = DEBUG;
				SWIFT_OPTIMIZATION_LEVEL = "-Onone";
			};
			name = Debug;
		};
		BF2B9410278F49A600DDC6D1 /* Release */ = {
			isa = XCBuildConfiguration;
			buildSettings = {
				ALWAYS_SEARCH_USER_PATHS = NO;
				CLANG_ANALYZER_NONNULL = YES;
				CLANG_ANALYZER_NUMBER_OBJECT_CONVERSION = YES_AGGRESSIVE;
				CLANG_CXX_LANGUAGE_STANDARD = "gnu++17";
				CLANG_CXX_LIBRARY = "libc++";
				CLANG_ENABLE_MODULES = YES;
				CLANG_ENABLE_OBJC_ARC = YES;
				CLANG_ENABLE_OBJC_WEAK = YES;
				CLANG_WARN_BLOCK_CAPTURE_AUTORELEASING = YES;
				CLANG_WARN_BOOL_CONVERSION = YES;
				CLANG_WARN_COMMA = YES;
				CLANG_WARN_CONSTANT_CONVERSION = YES;
				CLANG_WARN_DEPRECATED_OBJC_IMPLEMENTATIONS = YES;
				CLANG_WARN_DIRECT_OBJC_ISA_USAGE = YES_ERROR;
				CLANG_WARN_DOCUMENTATION_COMMENTS = YES;
				CLANG_WARN_EMPTY_BODY = YES;
				CLANG_WARN_ENUM_CONVERSION = YES;
				CLANG_WARN_INFINITE_RECURSION = YES;
				CLANG_WARN_INT_CONVERSION = YES;
				CLANG_WARN_NON_LITERAL_NULL_CONVERSION = YES;
				CLANG_WARN_OBJC_IMPLICIT_RETAIN_SELF = YES;
				CLANG_WARN_OBJC_LITERAL_CONVERSION = YES;
				CLANG_WARN_OBJC_ROOT_CLASS = YES_ERROR;
				CLANG_WARN_QUOTED_INCLUDE_IN_FRAMEWORK_HEADER = YES;
				CLANG_WARN_RANGE_LOOP_ANALYSIS = YES;
				CLANG_WARN_STRICT_PROTOTYPES = YES;
				CLANG_WARN_SUSPICIOUS_MOVE = YES;
				CLANG_WARN_UNGUARDED_AVAILABILITY = YES_AGGRESSIVE;
				CLANG_WARN_UNREACHABLE_CODE = YES;
				CLANG_WARN__DUPLICATE_METHOD_MATCH = YES;
				COPY_PHASE_STRIP = NO;
				DEBUG_INFORMATION_FORMAT = "dwarf-with-dsym";
				ENABLE_NS_ASSERTIONS = NO;
				ENABLE_STRICT_OBJC_MSGSEND = YES;
				GCC_C_LANGUAGE_STANDARD = gnu11;
				GCC_NO_COMMON_BLOCKS = YES;
				GCC_WARN_64_TO_32_BIT_CONVERSION = YES;
				GCC_WARN_ABOUT_RETURN_TYPE = YES_ERROR;
				GCC_WARN_UNDECLARED_SELECTOR = YES;
				GCC_WARN_UNINITIALIZED_AUTOS = YES_AGGRESSIVE;
				GCC_WARN_UNUSED_FUNCTION = YES;
				GCC_WARN_UNUSED_VARIABLE = YES;
				IPHONEOS_DEPLOYMENT_TARGET = 15.2;
				MTL_ENABLE_DEBUG_INFO = NO;
				MTL_FAST_MATH = YES;
				SDKROOT = iphoneos;
				SWIFT_COMPILATION_MODE = wholemodule;
				SWIFT_OPTIMIZATION_LEVEL = "-O";
				VALIDATE_PRODUCT = YES;
			};
			name = Release;
		};
		BF2B9412278F49A600DDC6D1 /* Debug */ = {
			isa = XCBuildConfiguration;
			baseConfigurationReference = 980A010EAD2383FA2CE8C204 /* Pods-testAppUnsplash.debug.xcconfig */;
			buildSettings = {
				ASSETCATALOG_COMPILER_APPICON_NAME = AppIcon;
				ASSETCATALOG_COMPILER_GLOBAL_ACCENT_COLOR_NAME = AccentColor;
				CODE_SIGN_STYLE = Automatic;
				CURRENT_PROJECT_VERSION = 1;
				DEVELOPMENT_TEAM = 62G4F56S32;
				GENERATE_INFOPLIST_FILE = YES;
				INFOPLIST_FILE = testAppUnsplash/Info.plist;
				INFOPLIST_KEY_UIApplicationSupportsIndirectInputEvents = YES;
				INFOPLIST_KEY_UILaunchStoryboardName = LaunchScreen;
				INFOPLIST_KEY_UISupportedInterfaceOrientations_iPad = "UIInterfaceOrientationPortrait UIInterfaceOrientationPortraitUpsideDown UIInterfaceOrientationLandscapeLeft UIInterfaceOrientationLandscapeRight";
				INFOPLIST_KEY_UISupportedInterfaceOrientations_iPhone = "UIInterfaceOrientationPortrait UIInterfaceOrientationLandscapeLeft UIInterfaceOrientationLandscapeRight";
				LD_RUNPATH_SEARCH_PATHS = (
					"$(inherited)",
					"@executable_path/Frameworks",
				);
				MARKETING_VERSION = 1.0;
				PRODUCT_BUNDLE_IDENTIFIER = com.ecr334.testAppUnsplash;
				PRODUCT_NAME = "$(TARGET_NAME)";
				SWIFT_EMIT_LOC_STRINGS = YES;
				SWIFT_VERSION = 5.0;
				TARGETED_DEVICE_FAMILY = "1,2";
			};
			name = Debug;
		};
		BF2B9413278F49A600DDC6D1 /* Release */ = {
			isa = XCBuildConfiguration;
			baseConfigurationReference = 5162DA76AF4F5C7922D5B571 /* Pods-testAppUnsplash.release.xcconfig */;
			buildSettings = {
				ASSETCATALOG_COMPILER_APPICON_NAME = AppIcon;
				ASSETCATALOG_COMPILER_GLOBAL_ACCENT_COLOR_NAME = AccentColor;
				CODE_SIGN_STYLE = Automatic;
				CURRENT_PROJECT_VERSION = 1;
				DEVELOPMENT_TEAM = 62G4F56S32;
				GENERATE_INFOPLIST_FILE = YES;
				INFOPLIST_FILE = testAppUnsplash/Info.plist;
				INFOPLIST_KEY_UIApplicationSupportsIndirectInputEvents = YES;
				INFOPLIST_KEY_UILaunchStoryboardName = LaunchScreen;
				INFOPLIST_KEY_UISupportedInterfaceOrientations_iPad = "UIInterfaceOrientationPortrait UIInterfaceOrientationPortraitUpsideDown UIInterfaceOrientationLandscapeLeft UIInterfaceOrientationLandscapeRight";
				INFOPLIST_KEY_UISupportedInterfaceOrientations_iPhone = "UIInterfaceOrientationPortrait UIInterfaceOrientationLandscapeLeft UIInterfaceOrientationLandscapeRight";
				LD_RUNPATH_SEARCH_PATHS = (
					"$(inherited)",
					"@executable_path/Frameworks",
				);
				MARKETING_VERSION = 1.0;
				PRODUCT_BUNDLE_IDENTIFIER = com.ecr334.testAppUnsplash;
				PRODUCT_NAME = "$(TARGET_NAME)";
				SWIFT_EMIT_LOC_STRINGS = YES;
				SWIFT_VERSION = 5.0;
				TARGETED_DEVICE_FAMILY = "1,2";
			};
			name = Release;
		};
/* End XCBuildConfiguration section */

/* Begin XCConfigurationList section */
		BF2B93F5278F49A400DDC6D1 /* Build configuration list for PBXProject "testAppUnsplash" */ = {
			isa = XCConfigurationList;
			buildConfigurations = (
				BF2B940F278F49A600DDC6D1 /* Debug */,
				BF2B9410278F49A600DDC6D1 /* Release */,
			);
			defaultConfigurationIsVisible = 0;
			defaultConfigurationName = Release;
		};
		BF2B9411278F49A600DDC6D1 /* Build configuration list for PBXNativeTarget "testAppUnsplash" */ = {
			isa = XCConfigurationList;
			buildConfigurations = (
				BF2B9412278F49A600DDC6D1 /* Debug */,
				BF2B9413278F49A600DDC6D1 /* Release */,
			);
			defaultConfigurationIsVisible = 0;
			defaultConfigurationName = Release;
		};
/* End XCConfigurationList section */

/* Begin XCVersionGroup section */
		BF2B9406278F49A400DDC6D1 /* testAppUnsplash.xcdatamodeld */ = {
			isa = XCVersionGroup;
			children = (
				BF2B9407278F49A400DDC6D1 /* testAppUnsplash.xcdatamodel */,
			);
			currentVersion = BF2B9407278F49A400DDC6D1 /* testAppUnsplash.xcdatamodel */;
			path = testAppUnsplash.xcdatamodeld;
			sourceTree = "<group>";
			versionGroupType = wrapper.xcdatamodel;
		};
/* End XCVersionGroup section */
	};
	rootObject = BF2B93F2278F49A400DDC6D1 /* Project object */;
}
